
Microsoft Visual Studio Solution File, Format Version 12.00
# Visual Studio Version 16
VisualStudioVersion = 16.0.29326.143
MinimumVisualStudioVersion = 10.0.40219.1
Project("{9A19103F-16F7-4668-BE54-9A1E7A4F7556}") = "Client", "dotnet\Client\Client.csproj", "{D820F57B-CBAB-4E19-876D-204B60EBF8FE}"
EndProject
Project("{9A19103F-16F7-4668-BE54-9A1E7A4F7556}") = "Api", "dotnet\Api\Api.csproj", "{0D622AC7-439F-41F8-996C-A9C84028F3F4}"
EndProject
Project("{9A19103F-16F7-4668-BE54-9A1E7A4F7556}") = "MvcClientImplicit", "dotnet\MvcClientImplicit\MvcClientImplicit.csproj", "{C8A2F5CD-F47A-4E52-87A9-C08354DCD80C}"
EndProject
Project("{9A19103F-16F7-4668-BE54-9A1E7A4F7556}") = "MvcClientHybrid", "dotnet\MvcClientHybrid\MvcClientHybrid.csproj", "{78BE012B-4C1E-49DB-AFDB-4C75937AAC42}"
EndProject
Global
	GlobalSection(SolutionConfigurationPlatforms) = preSolution
		Debug|Any CPU = Debug|Any CPU
		Release|Any CPU = Release|Any CPU
	EndGlobalSection
	GlobalSection(ProjectConfigurationPlatforms) = postSolution
		{D820F57B-CBAB-4E19-876D-204B60EBF8FE}.Debug|Any CPU.ActiveCfg = Debug|Any CPU
		{D820F57B-CBAB-4E19-876D-204B60EBF8FE}.Debug|Any CPU.Build.0 = Debug|Any CPU
		{D820F57B-CBAB-4E19-876D-204B60EBF8FE}.Release|Any CPU.ActiveCfg = Release|Any CPU
		{D820F57B-CBAB-4E19-876D-204B60EBF8FE}.Release|Any CPU.Build.0 = Release|Any CPU
		{0D622AC7-439F-41F8-996C-A9C84028F3F4}.Debug|Any CPU.ActiveCfg = Debug|Any CPU
		{0D622AC7-439F-41F8-996C-A9C84028F3F4}.Debug|Any CPU.Build.0 = Debug|Any CPU
		{0D622AC7-439F-41F8-996C-A9C84028F3F4}.Release|Any CPU.ActiveCfg = Release|Any CPU
		{0D622AC7-439F-41F8-996C-A9C84028F3F4}.Release|Any CPU.Build.0 = Release|Any CPU
		{C8A2F5CD-F47A-4E52-87A9-C08354DCD80C}.Debug|Any CPU.ActiveCfg = Debug|Any CPU
		{C8A2F5CD-F47A-4E52-87A9-C08354DCD80C}.Debug|Any CPU.Build.0 = Debug|Any CPU
		{C8A2F5CD-F47A-4E52-87A9-C08354DCD80C}.Release|Any CPU.ActiveCfg = Release|Any CPU
		{C8A2F5CD-F47A-4E52-87A9-C08354DCD80C}.Release|Any CPU.Build.0 = Release|Any CPU
		{78BE012B-4C1E-49DB-AFDB-4C75937AAC42}.Debug|Any CPU.ActiveCfg = Debug|Any CPU
		{78BE012B-4C1E-49DB-AFDB-4C75937AAC42}.Debug|Any CPU.Build.0 = Debug|Any CPU
		{78BE012B-4C1E-49DB-AFDB-4C75937AAC42}.Release|Any CPU.ActiveCfg = Release|Any CPU
		{78BE012B-4C1E-49DB-AFDB-4C75937AAC42}.Release|Any CPU.Build.0 = Release|Any CPU
	EndGlobalSection
	GlobalSection(SolutionProperties) = preSolution
		HideSolutionNode = FALSE
	EndGlobalSection
	GlobalSection(ExtensibilityGlobals) = postSolution
		SolutionGuid = {9139CC8C-CAA8-4B2E-9EF2-3968274CEC96}
	EndGlobalSection
EndGlobal
